
Microsoft Visual Studio Solution File, Format Version 12.00
# Visual Studio 2013
VisualStudioVersion = 12.0.21005.1
MinimumVisualStudioVersion = 10.0.40219.1
Project("{FAE04EC0-301F-11D3-BF4B-00C04F79EFBC}") = "DebugConsole", "DebugConsole\DebugConsole.csproj", "{63E04ED3-0C3F-41A9-8C42-D89A01510295}"
EndProject
Project("{FAE04EC0-301F-11D3-BF4B-00C04F79EFBC}") = "DAL", "DAL\DAL.csproj", "{B1E1EB20-7CF1-42B1-B028-D18F46F70EC5}"
EndProject
Project("{FAE04EC0-301F-11D3-BF4B-00C04F79EFBC}") = "ProjectUnderTest", "ProjectUnderTest\ProjectUnderTest.csproj", "{A7D2036E-BD94-4A4F-8D7D-BE8EC631B8A3}"
EndProject
Project("{FAE04EC0-301F-11D3-BF4B-00C04F79EFBC}") = "Replay", "Replay\Replay.csproj", "{F47FD580-036D-46D4-A293-AC60D4C77EBB}"
EndProject
Global
	GlobalSection(SolutionConfigurationPlatforms) = preSolution
		Debug|Any CPU = Debug|Any CPU
		Release|Any CPU = Release|Any CPU
	EndGlobalSection
	GlobalSection(ProjectConfigurationPlatforms) = postSolution
		{63E04ED3-0C3F-41A9-8C42-D89A01510295}.Debug|Any CPU.ActiveCfg = Debug|Any CPU
		{63E04ED3-0C3F-41A9-8C42-D89A01510295}.Debug|Any CPU.Build.0 = Debug|Any CPU
		{63E04ED3-0C3F-41A9-8C42-D89A01510295}.Release|Any CPU.ActiveCfg = Release|Any CPU
		{63E04ED3-0C3F-41A9-8C42-D89A01510295}.Release|Any CPU.Build.0 = Release|Any CPU
		{B1E1EB20-7CF1-42B1-B028-D18F46F70EC5}.Debug|Any CPU.ActiveCfg = Debug|Any CPU
		{B1E1EB20-7CF1-42B1-B028-D18F46F70EC5}.Debug|Any CPU.Build.0 = Debug|Any CPU
		{B1E1EB20-7CF1-42B1-B028-D18F46F70EC5}.Release|Any CPU.ActiveCfg = Release|Any CPU
		{B1E1EB20-7CF1-42B1-B028-D18F46F70EC5}.Release|Any CPU.Build.0 = Release|Any CPU
		{A7D2036E-BD94-4A4F-8D7D-BE8EC631B8A3}.Debug|Any CPU.ActiveCfg = Debug|Any CPU
		{A7D2036E-BD94-4A4F-8D7D-BE8EC631B8A3}.Debug|Any CPU.Build.0 = Debug|Any CPU
		{A7D2036E-BD94-4A4F-8D7D-BE8EC631B8A3}.Release|Any CPU.ActiveCfg = Release|Any CPU
		{A7D2036E-BD94-4A4F-8D7D-BE8EC631B8A3}.Release|Any CPU.Build.0 = Release|Any CPU
		{F47FD580-036D-46D4-A293-AC60D4C77EBB}.Debug|Any CPU.ActiveCfg = Debug|Any CPU
		{F47FD580-036D-46D4-A293-AC60D4C77EBB}.Debug|Any CPU.Build.0 = Debug|Any CPU
		{F47FD580-036D-46D4-A293-AC60D4C77EBB}.Release|Any CPU.ActiveCfg = Release|Any CPU
		{F47FD580-036D-46D4-A293-AC60D4C77EBB}.Release|Any CPU.Build.0 = Release|Any CPU
	EndGlobalSection
	GlobalSection(SolutionProperties) = preSolution
		HideSolutionNode = FALSE
	EndGlobalSection
EndGlobal
